// !$*UTF8*$!
{
	archiveVersion = 1;
	classes = {
	};
	objectVersion = 46;
	objects = {

/* Begin PBXBuildFile section */
		64785B0F18E347A6000FE08A /* Foundation.framework in Frameworks */ = {isa = PBXBuildFile; fileRef = 64785B0E18E347A6000FE08A /* Foundation.framework */; };
		64785B1118E347A6000FE08A /* CoreGraphics.framework in Frameworks */ = {isa = PBXBuildFile; fileRef = 64785B1018E347A6000FE08A /* CoreGraphics.framework */; };
		64785B1318E347A6000FE08A /* UIKit.framework in Frameworks */ = {isa = PBXBuildFile; fileRef = 64785B1218E347A6000FE08A /* UIKit.framework */; };
		64785B1918E347A6000FE08A /* InfoPlist.strings in Resources */ = {isa = PBXBuildFile; fileRef = 64785B1718E347A6000FE08A /* InfoPlist.strings */; };
		64785B1B18E347A6000FE08A /* main.m in Sources */ = {isa = PBXBuildFile; fileRef = 64785B1A18E347A6000FE08A /* main.m */; };
		64785B1F18E347A6000FE08A /* AppDelegate.m in Sources */ = {isa = PBXBuildFile; fileRef = 64785B1E18E347A6000FE08A /* AppDelegate.m */; };
		64785B2218E347A6000FE08A /* Main_iPhone.storyboard in Resources */ = {isa = PBXBuildFile; fileRef = 64785B2018E347A6000FE08A /* Main_iPhone.storyboard */; };
		64785B2518E347A6000FE08A /* Main_iPad.storyboard in Resources */ = {isa = PBXBuildFile; fileRef = 64785B2318E347A6000FE08A /* Main_iPad.storyboard */; };
		64785B2818E347A6000FE08A /* ViewController.m in Sources */ = {isa = PBXBuildFile; fileRef = 64785B2718E347A6000FE08A /* ViewController.m */; };
		64785B2A18E347A6000FE08A /* Images.xcassets in Resources */ = {isa = PBXBuildFile; fileRef = 64785B2918E347A6000FE08A /* Images.xcassets */; };
		64785B3118E347A6000FE08A /* XCTest.framework in Frameworks */ = {isa = PBXBuildFile; fileRef = 64785B3018E347A6000FE08A /* XCTest.framework */; };
		64785B3218E347A6000FE08A /* Foundation.framework in Frameworks */ = {isa = PBXBuildFile; fileRef = 64785B0E18E347A6000FE08A /* Foundation.framework */; };
		64785B3318E347A6000FE08A /* UIKit.framework in Frameworks */ = {isa = PBXBuildFile; fileRef = 64785B1218E347A6000FE08A /* UIKit.framework */; };
		64785B3B18E347A6000FE08A /* InfoPlist.strings in Resources */ = {isa = PBXBuildFile; fileRef = 64785B3918E347A6000FE08A /* InfoPlist.strings */; };
		64785B3D18E347A6000FE08A /* audiotoolboxTests.m in Sources */ = {isa = PBXBuildFile; fileRef = 64785B3C18E347A6000FE08A /* audiotoolboxTests.m */; };
		64785B4718E347D5000FE08A /* AudioToolbox.framework in Frameworks */ = {isa = PBXBuildFile; fileRef = 64785B4618E347D5000FE08A /* AudioToolbox.framework */; };
		64785B5018E349F1000FE08A /* Raising Roosters With Laying Hens.jpg in Resources */ = {isa = PBXBuildFile; fileRef = 64785B4E18E349F1000FE08A /* Raising Roosters With Laying Hens.jpg */; };
		64785B5118E349F1000FE08A /* pig_1571615c.jpg in Resources */ = {isa = PBXBuildFile; fileRef = 64785B4F18E349F1000FE08A /* pig_1571615c.jpg */; };
		64785B5318E34A17000FE08A /* Cow_female_black_white.jpg in Resources */ = {isa = PBXBuildFile; fileRef = 64785B5218E34A17000FE08A /* Cow_female_black_white.jpg */; };
		64785B5718E34A78000FE08A /* pigsound.mp3 in Resources */ = {isa = PBXBuildFile; fileRef = 64785B5418E34A78000FE08A /* pigsound.mp3 */; };
		64785B5818E34A78000FE08A /* roostersound.mp3 in Resources */ = {isa = PBXBuildFile; fileRef = 64785B5518E34A78000FE08A /* roostersound.mp3 */; };
		64785B5918E34A78000FE08A /* cowsound.mp3 in Resources */ = {isa = PBXBuildFile; fileRef = 64785B5618E34A78000FE08A /* cowsound.mp3 */; };
/* End PBXBuildFile section */

/* Begin PBXContainerItemProxy section */
		64785B3418E347A6000FE08A /* PBXContainerItemProxy */ = {
			isa = PBXContainerItemProxy;
			containerPortal = 64785B0318E347A6000FE08A /* Project object */;
			proxyType = 1;
			remoteGlobalIDString = 64785B0A18E347A6000FE08A;
			remoteInfo = audiotoolbox;
		};
/* End PBXContainerItemProxy section */

/* Begin PBXFileReference section */
		64785B0B18E347A6000FE08A /* audiotoolbox.app */ = {isa = PBXFileReference; explicitFileType = wrapper.application; includeInIndex = 0; path = audiotoolbox.app; sourceTree = BUILT_PRODUCTS_DIR; };
		64785B0E18E347A6000FE08A /* Foundation.framework */ = {isa = PBXFileReference; lastKnownFileType = wrapper.framework; name = Foundation.framework; path = System/Library/Frameworks/Foundation.framework; sourceTree = SDKROOT; };
		64785B1018E347A6000FE08A /* CoreGraphics.framework */ = {isa = PBXFileReference; lastKnownFileType = wrapper.framework; name = CoreGraphics.framework; path = System/Library/Frameworks/CoreGraphics.framework; sourceTree = SDKROOT; };
		64785B1218E347A6000FE08A /* UIKit.framework */ = {isa = PBXFileReference; lastKnownFileType = wrapper.framework; name = UIKit.framework; path = System/Library/Frameworks/UIKit.framework; sourceTree = SDKROOT; };
		64785B1618E347A6000FE08A /* audiotoolbox-Info.plist */ = {isa = PBXFileReference; lastKnownFileType = text.plist.xml; path = "audiotoolbox-Info.plist"; sourceTree = "<group>"; };
		64785B1818E347A6000FE08A /* en */ = {isa = PBXFileReference; lastKnownFileType = text.plist.strings; name = en; path = en.lproj/InfoPlist.strings; sourceTree = "<group>"; };
		64785B1A18E347A6000FE08A /* main.m */ = {isa = PBXFileReference; lastKnownFileType = sourcecode.c.objc; path = main.m; sourceTree = "<group>"; };
		64785B1C18E347A6000FE08A /* audiotoolbox-Prefix.pch */ = {isa = PBXFileReference; lastKnownFileType = sourcecode.c.h; path = "audiotoolbox-Prefix.pch"; sourceTree = "<group>"; };
		64785B1D18E347A6000FE08A /* AppDelegate.h */ = {isa = PBXFileReference; lastKnownFileType = sourcecode.c.h; path = AppDelegate.h; sourceTree = "<group>"; };
		64785B1E18E347A6000FE08A /* AppDelegate.m */ = {isa = PBXFileReference; lastKnownFileType = sourcecode.c.objc; path = AppDelegate.m; sourceTree = "<group>"; };
		64785B2118E347A6000FE08A /* Base */ = {isa = PBXFileReference; lastKnownFileType = file.storyboard; name = Base; path = Base.lproj/Main_iPhone.storyboard; sourceTree = "<group>"; };
		64785B2418E347A6000FE08A /* Base */ = {isa = PBXFileReference; lastKnownFileType = file.storyboard; name = Base; path = Base.lproj/Main_iPad.storyboard; sourceTree = "<group>"; };
		64785B2618E347A6000FE08A /* ViewController.h */ = {isa = PBXFileReference; lastKnownFileType = sourcecode.c.h; path = ViewController.h; sourceTree = "<group>"; };
		64785B2718E347A6000FE08A /* ViewController.m */ = {isa = PBXFileReference; lastKnownFileType = sourcecode.c.objc; path = ViewController.m; sourceTree = "<group>"; };
		64785B2918E347A6000FE08A /* Images.xcassets */ = {isa = PBXFileReference; lastKnownFileType = folder.assetcatalog; path = Images.xcassets; sourceTree = "<group>"; };
		64785B2F18E347A6000FE08A /* audiotoolboxTests.xctest */ = {isa = PBXFileReference; explicitFileType = wrapper.cfbundle; includeInIndex = 0; path = audiotoolboxTests.xctest; sourceTree = BUILT_PRODUCTS_DIR; };
		64785B3018E347A6000FE08A /* XCTest.framework */ = {isa = PBXFileReference; lastKnownFileType = wrapper.framework; name = XCTest.framework; path = Library/Frameworks/XCTest.framework; sourceTree = DEVELOPER_DIR; };
		64785B3818E347A6000FE08A /* audiotoolboxTests-Info.plist */ = {isa = PBXFileReference; lastKnownFileType = text.plist.xml; path = "audiotoolboxTests-Info.plist"; sourceTree = "<group>"; };
		64785B3A18E347A6000FE08A /* en */ = {isa = PBXFileReference; lastKnownFileType = text.plist.strings; name = en; path = en.lproj/InfoPlist.strings; sourceTree = "<group>"; };
		64785B3C18E347A6000FE08A /* audiotoolboxTests.m */ = {isa = PBXFileReference; lastKnownFileType = sourcecode.c.objc; path = audiotoolboxTests.m; sourceTree = "<group>"; };
		64785B4618E347D5000FE08A /* AudioToolbox.framework */ = {isa = PBXFileReference; lastKnownFileType = wrapper.framework; name = AudioToolbox.framework; path = System/Library/Frameworks/AudioToolbox.framework; sourceTree = SDKROOT; };
		64785B4E18E349F1000FE08A /* Raising Roosters With Laying Hens.jpg */ = {isa = PBXFileReference; lastKnownFileType = image.jpeg; name = "Raising Roosters With Laying Hens.jpg"; path = "../Raising Roosters With Laying Hens.jpg"; sourceTree = "<group>"; };
		64785B4F18E349F1000FE08A /* pig_1571615c.jpg */ = {isa = PBXFileReference; lastKnownFileType = image.jpeg; name = pig_1571615c.jpg; path = ../pig_1571615c.jpg; sourceTree = "<group>"; };
		64785B5218E34A17000FE08A /* Cow_female_black_white.jpg */ = {isa = PBXFileReference; lastKnownFileType = image.jpeg; name = Cow_female_black_white.jpg; path = ../Cow_female_black_white.jpg; sourceTree = "<group>"; };
		64785B5418E34A78000FE08A /* pigsound.mp3 */ = {isa = PBXFileReference; lastKnownFileType = audio.mp3; name = pigsound.mp3; path = ../pigsound.mp3; sourceTree = "<group>"; };
		64785B5518E34A78000FE08A /* roostersound.mp3 */ = {isa = PBXFileReference; lastKnownFileType = audio.mp3; name = roostersound.mp3; path = ../roostersound.mp3; sourceTree = "<group>"; };
		64785B5618E34A78000FE08A /* cowsound.mp3 */ = {isa = PBXFileReference; lastKnownFileType = audio.mp3; name = cowsound.mp3; path = ../cowsound.mp3; sourceTree = "<group>"; };
/* End PBXFileReference section */

/* Begin PBXFrameworksBuildPhase section */
		64785B0818E347A6000FE08A /* Frameworks */ = {
			isa = PBXFrameworksBuildPhase;
			buildActionMask = 2147483647;
			files = (
				64785B4718E347D5000FE08A /* AudioToolbox.framework in Frameworks */,
				64785B1118E347A6000FE08A /* CoreGraphics.framework in Frameworks */,
				64785B1318E347A6000FE08A /* UIKit.framework in Frameworks */,
				64785B0F18E347A6000FE08A /* Foundation.framework in Frameworks */,
			);
			runOnlyForDeploymentPostprocessing = 0;
		};
		64785B2C18E347A6000FE08A /* Frameworks */ = {
			isa = PBXFrameworksBuildPhase;
			buildActionMask = 2147483647;
			files = (
				64785B3118E347A6000FE08A /* XCTest.framework in Frameworks */,
				64785B3318E347A6000FE08A /* UIKit.framework in Frameworks */,
				64785B3218E347A6000FE08A /* Foundation.framework in Frameworks */,
			);
			runOnlyForDeploymentPostprocessing = 0;
		};
/* End PBXFrameworksBuildPhase section */

/* Begin PBXGroup section */
		64785B0218E347A6000FE08A = {
			isa = PBXGroup;
			children = (
				64785B1418E347A6000FE08A /* audiotoolbox */,
				64785B3618E347A6000FE08A /* audiotoolboxTests */,
				64785B0D18E347A6000FE08A /* Frameworks */,
				64785B0C18E347A6000FE08A /* Products */,
			);
			sourceTree = "<group>";
		};
		64785B0C18E347A6000FE08A /* Products */ = {
			isa = PBXGroup;
			children = (
				64785B0B18E347A6000FE08A /* audiotoolbox.app */,
				64785B2F18E347A6000FE08A /* audiotoolboxTests.xctest */,
			);
			name = Products;
			sourceTree = "<group>";
		};
		64785B0D18E347A6000FE08A /* Frameworks */ = {
			isa = PBXGroup;
			children = (
				64785B4618E347D5000FE08A /* AudioToolbox.framework */,
				64785B0E18E347A6000FE08A /* Foundation.framework */,
				64785B1018E347A6000FE08A /* CoreGraphics.framework */,
				64785B1218E347A6000FE08A /* UIKit.framework */,
				64785B3018E347A6000FE08A /* XCTest.framework */,
			);
			name = Frameworks;
			sourceTree = "<group>";
		};
		64785B1418E347A6000FE08A /* audiotoolbox */ = {
			isa = PBXGroup;
			children = (
				64785B1D18E347A6000FE08A /* AppDelegate.h */,
				64785B1E18E347A6000FE08A /* AppDelegate.m */,
				64785B2018E347A6000FE08A /* Main_iPhone.storyboard */,
				64785B2318E347A6000FE08A /* Main_iPad.storyboard */,
				64785B2618E347A6000FE08A /* ViewController.h */,
				64785B2718E347A6000FE08A /* ViewController.m */,
				64785B2918E347A6000FE08A /* Images.xcassets */,
				64785B1518E347A6000FE08A /* Supporting Files */,
			);
			path = audiotoolbox;
			sourceTree = "<group>";
		};
		64785B1518E347A6000FE08A /* Supporting Files */ = {
			isa = PBXGroup;
			children = (
				64785B5418E34A78000FE08A /* pigsound.mp3 */,
				64785B5518E34A78000FE08A /* roostersound.mp3 */,
				64785B5618E34A78000FE08A /* cowsound.mp3 */,
				64785B5218E34A17000FE08A /* Cow_female_black_white.jpg */,
				64785B4E18E349F1000FE08A /* Raising Roosters With Laying Hens.jpg */,
				64785B4F18E349F1000FE08A /* pig_1571615c.jpg */,
				64785B1618E347A6000FE08A /* audiotoolbox-Info.plist */,
				64785B1718E347A6000FE08A /* InfoPlist.strings */,
				64785B1A18E347A6000FE08A /* main.m */,
				64785B1C18E347A6000FE08A /* audiotoolbox-Prefix.pch */,
			);
			name = "Supporting Files";
			sourceTree = "<group>";
		};
		64785B3618E347A6000FE08A /* audiotoolboxTests */ = {
			isa = PBXGroup;
			children = (
				64785B3C18E347A6000FE08A /* audiotoolboxTests.m */,
				64785B3718E347A6000FE08A /* Supporting Files */,
			);
			path = audiotoolboxTests;
			sourceTree = "<group>";
		};
		64785B3718E347A6000FE08A /* Supporting Files */ = {
			isa = PBXGroup;
			children = (
				64785B3818E347A6000FE08A /* audiotoolboxTests-Info.plist */,
				64785B3918E347A6000FE08A /* InfoPlist.strings */,
			);
			name = "Supporting Files";
			sourceTree = "<group>";
		};
/* End PBXGroup section */

/* Begin PBXNativeTarget section */
		64785B0A18E347A6000FE08A /* audiotoolbox */ = {
			isa = PBXNativeTarget;
			buildConfigurationList = 64785B4018E347A6000FE08A /* Build configuration list for PBXNativeTarget "audiotoolbox" */;
			buildPhases = (
				64785B0718E347A6000FE08A /* Sources */,
				64785B0818E347A6000FE08A /* Frameworks */,
				64785B0918E347A6000FE08A /* Resources */,
			);
			buildRules = (
			);
			dependencies = (
			);
			name = audiotoolbox;
			productName = audiotoolbox;
			productReference = 64785B0B18E347A6000FE08A /* audiotoolbox.app */;
			productType = "com.apple.product-type.application";
		};
		64785B2E18E347A6000FE08A /* audiotoolboxTests */ = {
			isa = PBXNativeTarget;
			buildConfigurationList = 64785B4318E347A6000FE08A /* Build configuration list for PBXNativeTarget "audiotoolboxTests" */;
			buildPhases = (
				64785B2B18E347A6000FE08A /* Sources */,
				64785B2C18E347A6000FE08A /* Frameworks */,
				64785B2D18E347A6000FE08A /* Resources */,
			);
			buildRules = (
			);
			dependencies = (
				64785B3518E347A6000FE08A /* PBXTargetDependency */,
			);
			name = audiotoolboxTests;
			productName = audiotoolboxTests;
			productReference = 64785B2F18E347A6000FE08A /* audiotoolboxTests.xctest */;
			productType = "com.apple.product-type.bundle.unit-test";
		};
/* End PBXNativeTarget section */

/* Begin PBXProject section */
		64785B0318E347A6000FE08A /* Project object */ = {
			isa = PBXProject;
			attributes = {
				LastUpgradeCheck = 0500;
				ORGANIZATIONNAME = CollegeBlink;
				TargetAttributes = {
					64785B2E18E347A6000FE08A = {
						TestTargetID = 64785B0A18E347A6000FE08A;
					};
				};
			};
			buildConfigurationList = 64785B0618E347A6000FE08A /* Build configuration list for PBXProject "audiotoolbox" */;
			compatibilityVersion = "Xcode 3.2";
			developmentRegion = English;
			hasScannedForEncodings = 0;
			knownRegions = (
				en,
				Base,
			);
			mainGroup = 64785B0218E347A6000FE08A;
			productRefGroup = 64785B0C18E347A6000FE08A /* Products */;
			projectDirPath = "";
			projectRoot = "";
			targets = (
				64785B0A18E347A6000FE08A /* audiotoolbox */,
				64785B2E18E347A6000FE08A /* audiotoolboxTests */,
			);
		};
/* End PBXProject section */

/* Begin PBXResourcesBuildPhase section */
		64785B0918E347A6000FE08A /* Resources */ = {
			isa = PBXResourcesBuildPhase;
			buildActionMask = 2147483647;
			files = (
				64785B5918E34A78000FE08A /* cowsound.mp3 in Resources */,
				64785B5018E349F1000FE08A /* Raising Roosters With Laying Hens.jpg in Resources */,
				64785B2518E347A6000FE08A /* Main_iPad.storyboard in Resources */,
				64785B2A18E347A6000FE08A /* Images.xcassets in Resources */,
				64785B2218E347A6000FE08A /* Main_iPhone.storyboard in Resources */,
				64785B1918E347A6000FE08A /* InfoPlist.strings in Resources */,
				64785B5818E34A78000FE08A /* roostersound.mp3 in Resources */,
				64785B5118E349F1000FE08A /* pig_1571615c.jpg in Resources */,
				64785B5718E34A78000FE08A /* pigsound.mp3 in Resources */,
				64785B5318E34A17000FE08A /* Cow_female_black_white.jpg in Resources */,
			);
			runOnlyForDeploymentPostprocessing = 0;
		};
		64785B2D18E347A6000FE08A /* Resources */ = {
			isa = PBXResourcesBuildPhase;
			buildActionMask = 2147483647;
			files = (
				64785B3B18E347A6000FE08A /* InfoPlist.strings in Resources */,
			);
			runOnlyForDeploymentPostprocessing = 0;
		};
/* End PBXResourcesBuildPhase section */

/* Begin PBXSourcesBuildPhase section */
		64785B0718E347A6000FE08A /* Sources */ = {
			isa = PBXSourcesBuildPhase;
			buildActionMask = 2147483647;
			files = (
				64785B2818E347A6000FE08A /* ViewController.m in Sources */,
				64785B1F18E347A6000FE08A /* AppDelegate.m in Sources */,
				64785B1B18E347A6000FE08A /* main.m in Sources */,
			);
			runOnlyForDeploymentPostprocessing = 0;
		};
		64785B2B18E347A6000FE08A /* Sources */ = {
			isa = PBXSourcesBuildPhase;
			buildActionMask = 2147483647;
			files = (
				64785B3D18E347A6000FE08A /* audiotoolboxTests.m in Sources */,
			);
			runOnlyForDeploymentPostprocessing = 0;
		};
/* End PBXSourcesBuildPhase section */

/* Begin PBXTargetDependency section */
		64785B3518E347A6000FE08A /* PBXTargetDependency */ = {
			isa = PBXTargetDependency;
			target = 64785B0A18E347A6000FE08A /* audiotoolbox */;
			targetProxy = 64785B3418E347A6000FE08A /* PBXContainerItemProxy */;
		};
/* End PBXTargetDependency section */

/* Begin PBXVariantGroup section */
		64785B1718E347A6000FE08A /* InfoPlist.strings */ = {
			isa = PBXVariantGroup;
			children = (
				64785B1818E347A6000FE08A /* en */,
			);
			name = InfoPlist.strings;
			sourceTree = "<group>";
		};
		64785B2018E347A6000FE08A /* Main_iPhone.storyboard */ = {
			isa = PBXVariantGroup;
			children = (
				64785B2118E347A6000FE08A /* Base */,
			);
			name = Main_iPhone.storyboard;
			sourceTree = "<group>";
		};
		64785B2318E347A6000FE08A /* Main_iPad.storyboard */ = {
			isa = PBXVariantGroup;
			children = (
				64785B2418E347A6000FE08A /* Base */,
			);
			name = Main_iPad.storyboard;
			sourceTree = "<group>";
		};
		64785B3918E347A6000FE08A /* InfoPlist.strings */ = {
			isa = PBXVariantGroup;
			children = (
				64785B3A18E347A6000FE08A /* en */,
			);
			name = InfoPlist.strings;
			sourceTree = "<group>";
		};
/* End PBXVariantGroup section */

/* Begin XCBuildConfiguration section */
		64785B3E18E347A6000FE08A /* Debug */ = {
			isa = XCBuildConfiguration;
			buildSettings = {
				ALWAYS_SEARCH_USER_PATHS = NO;
				ARCHS = "$(ARCHS_STANDARD_INCLUDING_64_BIT)";
				CLANG_CXX_LANGUAGE_STANDARD = "gnu++0x";
				CLANG_CXX_LIBRARY = "libc++";
				CLANG_ENABLE_MODULES = YES;
				CLANG_ENABLE_OBJC_ARC = YES;
				CLANG_WARN_BOOL_CONVERSION = YES;
				CLANG_WARN_CONSTANT_CONVERSION = YES;
				CLANG_WARN_DIRECT_OBJC_ISA_USAGE = YES_ERROR;
				CLANG_WARN_EMPTY_BODY = YES;
				CLANG_WARN_ENUM_CONVERSION = YES;
				CLANG_WARN_INT_CONVERSION = YES;
				CLANG_WARN_OBJC_ROOT_CLASS = YES_ERROR;
				CLANG_WARN__DUPLICATE_METHOD_MATCH = YES;
				"CODE_SIGN_IDENTITY[sdk=iphoneos*]" = "iPhone Developer";
				COPY_PHASE_STRIP = NO;
				GCC_C_LANGUAGE_STANDARD = gnu99;
				GCC_DYNAMIC_NO_PIC = NO;
				GCC_OPTIMIZATION_LEVEL = 0;
				GCC_PREPROCESSOR_DEFINITIONS = (
					"DEBUG=1",
					"$(inherited)",
				);
				GCC_SYMBOLS_PRIVATE_EXTERN = NO;
				GCC_WARN_64_TO_32_BIT_CONVERSION = YES;
				GCC_WARN_ABOUT_RETURN_TYPE = YES_ERROR;
				GCC_WARN_UNDECLARED_SELECTOR = YES;
				GCC_WARN_UNINITIALIZED_AUTOS = YES;
				GCC_WARN_UNUSED_FUNCTION = YES;
				GCC_WARN_UNUSED_VARIABLE = YES;
				IPHONEOS_DEPLOYMENT_TARGET = 7.0;
				ONLY_ACTIVE_ARCH = YES;
				SDKROOT = iphoneos;
				TARGETED_DEVICE_FAMILY = "1,2";
			};
			name = Debug;
		};
		64785B3F18E347A6000FE08A /* Release */ = {
			isa = XCBuildConfiguration;
			buildSettings = {
				ALWAYS_SEARCH_USER_PATHS = NO;
				ARCHS = "$(ARCHS_STANDARD_INCLUDING_64_BIT)";
				CLANG_CXX_LANGUAGE_STANDARD = "gnu++0x";
				CLANG_CXX_LIBRARY = "libc++";
				CLANG_ENABLE_MODULES = YES;
				CLANG_ENABLE_OBJC_ARC = YES;
				CLANG_WARN_BOOL_CONVERSION = YES;
				CLANG_WARN_CONSTANT_CONVERSION = YES;
				CLANG_WARN_DIRECT_OBJC_ISA_USAGE = YES_ERROR;
				CLANG_WARN_EMPTY_BODY = YES;
				CLANG_WARN_ENUM_CONVERSION = YES;
				CLANG_WARN_INT_CONVERSION = YES;
				CLANG_WARN_OBJC_ROOT_CLASS = YES_ERROR;
				CLANG_WARN__DUPLICATE_METHOD_MATCH = YES;
				"CODE_SIGN_IDENTITY[sdk=iphoneos*]" = "iPhone Developer";
				COPY_PHASE_STRIP = YES;
				ENABLE_NS_ASSERTIONS = NO;
				GCC_C_LANGUAGE_STANDARD = gnu99;
				GCC_WARN_64_TO_32_BIT_CONVERSION = YES;
				GCC_WARN_ABOUT_RETURN_TYPE = YES_ERROR;
				GCC_WARN_UNDECLARED_SELECTOR = YES;
				GCC_WARN_UNINITIALIZED_AUTOS = YES;
				GCC_WARN_UNUSED_FUNCTION = YES;
				GCC_WARN_UNUSED_VARIABLE = YES;
				IPHONEOS_DEPLOYMENT_TARGET = 7.0;
				SDKROOT = iphoneos;
				TARGETED_DEVICE_FAMILY = "1,2";
				VALIDATE_PRODUCT = YES;
			};
			name = Release;
		};
		64785B4118E347A6000FE08A /* Debug */ = {
			isa = XCBuildConfiguration;
			buildSettings = {
				ASSETCATALOG_COMPILER_APPICON_NAME = AppIcon;
				ASSETCATALOG_COMPILER_LAUNCHIMAGE_NAME = LaunchImage;
				GCC_PRECOMPILE_PREFIX_HEADER = YES;
				GCC_PREFIX_HEADER = "audiotoolbox/audiotoolbox-Prefix.pch";
				INFOPLIST_FILE = "audiotoolbox/audiotoolbox-Info.plist";
				PRODUCT_NAME = "$(TARGET_NAME)";
				WRAPPER_EXTENSION = app;
			};
			name = Debug;
		};
		64785B4218E347A6000FE08A /* Release */ = {
			isa = XCBuildConfiguration;
			buildSettings = {
				ASSETCATALOG_COMPILER_APPICON_NAME = AppIcon;
				ASSETCATALOG_COMPILER_LAUNCHIMAGE_NAME = LaunchImage;
				GCC_PRECOMPILE_PREFIX_HEADER = YES;
				GCC_PREFIX_HEADER = "audiotoolbox/audiotoolbox-Prefix.pch";
				INFOPLIST_FILE = "audiotoolbox/audiotoolbox-Info.plist";
				PRODUCT_NAME = "$(TARGET_NAME)";
				WRAPPER_EXTENSION = app;
			};
			name = Release;
		};
		64785B4418E347A6000FE08A /* Debug */ = {
			isa = XCBuildConfiguration;
			buildSettings = {
				ARCHS = "$(ARCHS_STANDARD_INCLUDING_64_BIT)";
				BUNDLE_LOADER = "$(BUILT_PRODUCTS_DIR)/audiotoolbox.app/audiotoolbox";
				FRAMEWORK_SEARCH_PATHS = (
					"$(SDKROOT)/Developer/Library/Frameworks",
					"$(inherited)",
					"$(DEVELOPER_FRAMEWORKS_DIR)",
				);
				GCC_PRECOMPILE_PREFIX_HEADER = YES;
				GCC_PREFIX_HEADER = "audiotoolbox/audiotoolbox-Prefix.pch";
				GCC_PREPROCESSOR_DEFINITIONS = (
					"DEBUG=1",
					"$(inherited)",
				);
				INFOPLIST_FILE = "audiotoolboxTests/audiotoolboxTests-Info.plist";
				PRODUCT_NAME = "$(TARGET_NAME)";
				TEST_HOST = "$(BUNDLE_LOADER)";
				WRAPPER_EXTENSION = xctest;
			};
			name = Debug;
		};
		64785B4518E347A6000FE08A /* Release */ = {
			isa = XCBuildConfiguration;
			buildSettings = {
				ARCHS = "$(ARCHS_STANDARD_INCLUDING_64_BIT)";
				BUNDLE_LOADER = "$(BUILT_PRODUCTS_DIR)/audiotoolbox.app/audiotoolbox";
				FRAMEWORK_SEARCH_PATHS = (
					"$(SDKROOT)/Developer/Library/Frameworks",
					"$(inherited)",
					"$(DEVELOPER_FRAMEWORKS_DIR)",
				);
				GCC_PRECOMPILE_PREFIX_HEADER = YES;
				GCC_PREFIX_HEADER = "audiotoolbox/audiotoolbox-Prefix.pch";
				INFOPLIST_FILE = "audiotoolboxTests/audiotoolboxTests-Info.plist";
				PRODUCT_NAME = "$(TARGET_NAME)";
				TEST_HOST = "$(BUNDLE_LOADER)";
				WRAPPER_EXTENSION = xctest;
			};
			name = Release;
		};
/* End XCBuildConfiguration section */

/* Begin XCConfigurationList section */
		64785B0618E347A6000FE08A /* Build configuration list for PBXProject "audiotoolbox" */ = {
			isa = XCConfigurationList;
			buildConfigurations = (
				64785B3E18E347A6000FE08A /* Debug */,
				64785B3F18E347A6000FE08A /* Release */,
			);
			defaultConfigurationIsVisible = 0;
			defaultConfigurationName = Release;
		};
		64785B4018E347A6000FE08A /* Build configuration list for PBXNativeTarget "audiotoolbox" */ = {
			isa = XCConfigurationList;
			buildConfigurations = (
				64785B4118E347A6000FE08A /* Debug */,
				64785B4218E347A6000FE08A /* Release */,
			);
			defaultConfigurationIsVisible = 0;
		};
		64785B4318E347A6000FE08A /* Build configuration list for PBXNativeTarget "audiotoolboxTests" */ = {
			isa = XCConfigurationList;
			buildConfigurations = (
				64785B4418E347A6000FE08A /* Debug */,
				64785B4518E347A6000FE08A /* Release */,
			);
			defaultConfigurationIsVisible = 0;
		};
/* End XCConfigurationList section */
	};
	rootObject = 64785B0318E347A6000FE08A /* Project object */;
}
